
Microsoft Visual Studio Solution File, Format Version 12.00
# Visual Studio Version 17
VisualStudioVersion = 17.7.34024.191
MinimumVisualStudioVersion = 10.0.40219.1
Project("{FAE04EC0-301F-11D3-BF4B-00C04F79EFBC}") = "massiv555", "massiv555\massiv555.csproj", "{0A597068-411F-4778-9007-895670E92079}"
EndProject
Global
	GlobalSection(SolutionConfigurationPlatforms) = preSolution
		Debug|Any CPU = Debug|Any CPU
		Release|Any CPU = Release|Any CPU
	EndGlobalSection
	GlobalSection(ProjectConfigurationPlatforms) = postSolution
		{0A597068-411F-4778-9007-895670E92079}.Debug|Any CPU.ActiveCfg = Debug|Any CPU
		{0A597068-411F-4778-9007-895670E92079}.Debug|Any CPU.Build.0 = Debug|Any CPU
		{0A597068-411F-4778-9007-895670E92079}.Release|Any CPU.ActiveCfg = Release|Any CPU
		{0A597068-411F-4778-9007-895670E92079}.Release|Any CPU.Build.0 = Release|Any CPU
	EndGlobalSection
	GlobalSection(SolutionProperties) = preSolution
		HideSolutionNode = FALSE
	EndGlobalSection
	GlobalSection(ExtensibilityGlobals) = postSolution
		SolutionGuid = {1BBE6647-6E96-47A5-BA66-832398C7BC98}
	EndGlobalSection
EndGlobal
